<?xml version="1.0" encoding="UTF-8"?>
<CONFIG>
  <ProjectOptions>
    <Version Value="12"/>
    <General>
      <Flags>
        <CompatibilityMode Value="True"/>
      </Flags>
      <SessionStorage Value="InProjectDir"/>
      <Title Value="Cantara"/>
      <Scaled Value="True"/>
      <ResourceType Value="res"/>
      <UseXPManifest Value="True"/>
      <XPManifest>
        <DpiAware Value="True"/>
        <LongPathAware Value="True"/>
        <AnsiUTF8 Value="True"/>
        <TextName Value="Cantara"/>
        <TextDesc Value="Song Presentation Software"/>
      </XPManifest>
      <Icon Value="0"/>
      <Resources Count="8">
        <Resource_0 FileName="resources/Amazing Grace.song" Type="RCDATA" ResourceName="AMAZING GRACE"/>
        <Resource_1 FileName="exporters/templates/pptx/pptxgen.bundle.js" Type="RCDATA" ResourceName="PPTXGEN.BUNDLE"/>
        <Resource_2 FileName="exporters/templates/pptx/pptxexport_template.html" Type="RCDATA" ResourceName="PPTXEXPORT_TEMPLATE"/>
        <Resource_3 FileName="exporters/templates/markup/html.txt" Type="RCDATA" ResourceName="MARKUP.HTML"/>
        <Resource_4 FileName="exporters/templates/markup/Markdown.txt" Type="RCDATA" ResourceName="MARKUP.MARKDOWN"/>
        <Resource_5 FileName="exporters/templates/markup/Telegram.txt" Type="RCDATA" ResourceName="MARKUP.TELEGRAM"/>
        <Resource_6 FileName="exporters/templates/markup/WhatsApp.txt" Type="RCDATA" ResourceName="MARKUP.WHATSAPP"/>
        <Resource_7 FileName="exporters/templates/markup/TitleOnly.txt" Type="RCDATA" ResourceName="MARKUP.TITLEONLY"/>
      </Resources>
    </General>
    <i18n>
      <EnableI18N Value="True"/>
      <OutDir Value="locals"/>
    </i18n>
    <VersionInfo>
      <UseVersionInfo Value="True"/>
      <AutoIncrementBuild Value="True"/>
      <MajorVersionNr Value="2"/>
      <MinorVersionNr Value="5"/>
      <BuildNr Value="10"/>
      <Language Value="0809"/>
      <CharSet Value="04B0"/>
      <StringTable Comments="Open Source Song Presenter Software" CompanyName="Jan Martin Reckel" LegalCopyright="Jan Martin Reckel" ProductName="Cantara" ProductVersion="2.5"/>
    </VersionInfo>
    <BuildModes Count="7">
      <Item1 Name="Release" Default="True"/>
      <Item2 Name="Linux WPO Pass1">
        <CompilerOptions>
          <Version Value="11"/>
          <Target>
            <Filename Value="cantara"/>
          </Target>
          <SearchPaths>
            <IncludeFiles Value="$(ProjOutDir)"/>
            <OtherUnitFiles Value="frames;exporters;tests;generics;forms"/>
            <UnitOutputDirectory Value="lib/$(TargetCPU)-$(TargetOS)"/>
          </SearchPaths>
          <CodeGeneration>
            <SmartLinkUnit Value="True"/>
            <RelocatableUnit Value="True"/>
            <Optimizations>
              <OptimizationLevel Value="3"/>
            </Optimizations>
            <SmallerCode Value="True"/>
          </CodeGeneration>
          <Linking>
            <Debugging>
              <GenerateDebugInfo Value="False"/>
              <DebugInfoType Value="dsDwarf3"/>
              <StripSymbols Value="True"/>
              <UseExternalDbgSyms Value="True"/>
            </Debugging>
            <LinkSmart Value="True"/>
            <Options>
              <Win32>
                <GraphicApplication Value="True"/>
              </Win32>
            </Options>
          </Linking>
          <Other>
            <CustomOptions Value="-OWall
-FWtemplinux.wpo
-Xs-
-CX"/>
          </Other>
        </CompilerOptions>
      </Item2>
      <Item3 Name="Linux WPO Pass2">
        <CompilerOptions>
          <Version Value="11"/>
          <Target>
            <Filename Value="cantara"/>
          </Target>
          <SearchPaths>
            <IncludeFiles Value="$(ProjOutDir)"/>
            <OtherUnitFiles Value="frames;exporters;tests;generics;forms"/>
            <UnitOutputDirectory Value="lib/$(TargetCPU)-$(TargetOS)"/>
          </SearchPaths>
          <CodeGeneration>
            <SmartLinkUnit Value="True"/>
            <RelocatableUnit Value="True"/>
            <Optimizations>
              <OptimizationLevel Value="3"/>
            </Optimizations>
            <SmallerCode Value="True"/>
          </CodeGeneration>
          <Linking>
            <Debugging>
              <GenerateDebugInfo Value="False"/>
              <DebugInfoType Value="dsDwarf3"/>
              <StripSymbols Value="True"/>
              <UseExternalDbgSyms Value="True"/>
            </Debugging>
            <LinkSmart Value="True"/>
            <Options>
              <Win32>
                <GraphicApplication Value="True"/>
              </Win32>
            </Options>
          </Linking>
          <Other>
            <CustomOptions Value="-Owall
-Fwtemplinux.wpo
-Xs-
-CX"/>
          </Other>
        </CompilerOptions>
      </Item3>
      <Item4 Name="Windows WPO Pass1">
        <CompilerOptions>
          <Version Value="11"/>
          <Target>
            <Filename Value="cantara"/>
          </Target>
          <SearchPaths>
            <IncludeFiles Value="$(ProjOutDir)"/>
            <OtherUnitFiles Value="frames;exporters;tests;generics;forms"/>
            <UnitOutputDirectory Value="lib/$(TargetCPU)-$(TargetOS)"/>
          </SearchPaths>
          <Parsing>
            <SyntaxOptions>
              <IncludeAssertionCode Value="True"/>
            </SyntaxOptions>
          </Parsing>
          <CodeGeneration>
            <SmartLinkUnit Value="True"/>
            <RelocatableUnit Value="True"/>
            <Checks>
              <IOChecks Value="True"/>
              <RangeChecks Value="True"/>
              <OverflowChecks Value="True"/>
              <StackChecks Value="True"/>
            </Checks>
            <VerifyObjMethodCallValidity Value="True"/>
            <Optimizations>
              <OptimizationLevel Value="3"/>
            </Optimizations>
            <SmallerCode Value="True"/>
          </CodeGeneration>
          <Linking>
            <Debugging>
              <GenerateDebugInfo Value="False"/>
              <DebugInfoType Value="dsDwarf3"/>
              <StripSymbols Value="True"/>
              <UseExternalDbgSyms Value="True"/>
            </Debugging>
            <LinkSmart Value="True"/>
            <Options>
              <Win32>
                <GraphicApplication Value="True"/>
              </Win32>
            </Options>
          </Linking>
          <Other>
            <CustomOptions Value="-OWDEVIRTCALLS,OPTVMTS -FWtempwindows.wpo -CX -XX -Xs-"/>
          </Other>
        </CompilerOptions>
      </Item4>
      <Item5 Name="Windows WPO Pass2">
        <CompilerOptions>
          <Version Value="11"/>
          <Target>
            <Filename Value="cantara"/>
          </Target>
          <SearchPaths>
            <IncludeFiles Value="$(ProjOutDir)"/>
            <OtherUnitFiles Value="frames;exporters;tests;generics;forms"/>
            <UnitOutputDirectory Value="lib/$(TargetCPU)-$(TargetOS)"/>
          </SearchPaths>
          <Parsing>
            <SyntaxOptions>
              <IncludeAssertionCode Value="True"/>
            </SyntaxOptions>
          </Parsing>
          <CodeGeneration>
            <SmartLinkUnit Value="True"/>
            <RelocatableUnit Value="True"/>
            <Checks>
              <IOChecks Value="True"/>
              <RangeChecks Value="True"/>
              <OverflowChecks Value="True"/>
              <StackChecks Value="True"/>
            </Checks>
            <VerifyObjMethodCallValidity Value="True"/>
            <Optimizations>
              <OptimizationLevel Value="3"/>
            </Optimizations>
            <SmallerCode Value="True"/>
          </CodeGeneration>
          <Linking>
            <Debugging>
              <GenerateDebugInfo Value="False"/>
              <DebugInfoType Value="dsDwarf3"/>
              <StripSymbols Value="True"/>
              <UseExternalDbgSyms Value="True"/>
            </Debugging>
            <LinkSmart Value="True"/>
            <Options>
              <Win32>
                <GraphicApplication Value="True"/>
              </Win32>
            </Options>
          </Linking>
          <Other>
            <CustomOptions Value="-OwDEVIRTCALLS,OPTVMTS -Fwtempwindows.wpo -CX -XX -Xs-"/>
          </Other>
        </CompilerOptions>
      </Item5>
      <Item6 Name="Debug">
        <CompilerOptions>
          <Version Value="11"/>
          <Target>
            <Filename Value="cantara"/>
          </Target>
          <SearchPaths>
            <IncludeFiles Value="$(ProjOutDir)"/>
            <OtherUnitFiles Value="frames;exporters;tests;generics;forms"/>
            <UnitOutputDirectory Value="lib/$(TargetCPU)-$(TargetOS)"/>
          </SearchPaths>
          <Parsing>
            <SyntaxOptions>
              <IncludeAssertionCode Value="True"/>
            </SyntaxOptions>
          </Parsing>
          <CodeGeneration>
            <RelocatableUnit Value="True"/>
            <Checks>
              <IOChecks Value="True"/>
              <RangeChecks Value="True"/>
              <OverflowChecks Value="True"/>
              <StackChecks Value="True"/>
            </Checks>
            <VerifyObjMethodCallValidity Value="True"/>
            <Optimizations>
              <OptimizationLevel Value="0"/>
            </Optimizations>
          </CodeGeneration>
          <Linking>
            <Debugging>
              <DebugInfoType Value="dsDwarf2Set"/>
              <UseValgrind Value="True"/>
              <StripSymbols Value="True"/>
            </Debugging>
            <Options>
              <Win32>
                <GraphicApplication Value="True"/>
              </Win32>
            </Options>
          </Linking>
          <Other>
            <CustomOptions Value="-dQT_NATIVE_DIALOGS
-dUseCThreads"/>
          </Other>
        </CompilerOptions>
      </Item6>
      <Item7 Name="ReleaseConfined">
        <CompilerOptions>
          <Version Value="11"/>
          <Target>
            <Filename Value="cantara"/>
          </Target>
          <SearchPaths>
            <IncludeFiles Value="$(ProjOutDir)"/>
            <OtherUnitFiles Value="frames;exporters;tests;generics;forms"/>
            <UnitOutputDirectory Value="lib/$(TargetCPU)-$(TargetOS)"/>
          </SearchPaths>
          <CodeGeneration>
            <SmartLinkUnit Value="True"/>
            <RelocatableUnit Value="True"/>
            <Optimizations>
              <OptimizationLevel Value="3"/>
            </Optimizations>
            <SmallerCode Value="True"/>
          </CodeGeneration>
          <Linking>
            <Debugging>
              <GenerateDebugInfo Value="False"/>
              <DebugInfoType Value="dsDwarf3"/>
              <StripSymbols Value="True"/>
              <UseExternalDbgSyms Value="True"/>
            </Debugging>
            <LinkSmart Value="True"/>
            <Options>
              <Win32>
                <GraphicApplication Value="True"/>
              </Win32>
            </Options>
          </Linking>
          <Other>
            <CustomOptions Value="-FcUTF8
-dCONTAINER
-dUseCThreads"/>
          </Other>
        </CompilerOptions>
      </Item7>
      <SharedMatrixOptions Count="2">
        <Item1 ID="861867067291" Type="IDEMacro" MacroName="fpGUIPlatform" Value="wayland"/>
        <Item2 ID="839485512827" Type="IDEMacro" MacroName="LCLWidgetType" Value="gtk3"/>
      </SharedMatrixOptions>
    </BuildModes>
    <PublishOptions>
      <Version Value="2"/>
      <DestinationDirectory Value="$(ProjPath)/published/"/>
    </PublishOptions>
    <RunParams>
      <FormatVersion Value="2"/>
      <Modes Count="1">
        <Mode0 Name="default"/>
      </Modes>
    </RunParams>
    <RequiredPackages Count="4">
      <Item1>
        <PackageName Value="SynEdit"/>
      </Item1>
      <Item2>
        <PackageName Value="LazControls"/>
      </Item2>
      <Item3>
        <PackageName Value="RunTimeTypeInfoControls"/>
      </Item3>
      <Item4>
        <PackageName Value="LCL"/>
      </Item4>
    </RequiredPackages>
    <Units Count="24">
      <Unit0>
        <Filename Value="Cantara.lpr"/>
        <IsPartOfProject Value="True"/>
      </Unit0>
      <Unit1>
        <Filename Value="forms/songselection.pas"/>
        <IsPartOfProject Value="True"/>
        <ComponentName Value="frmSongs"/>
        <HasResources Value="True"/>
        <ResourceBaseClass Value="Form"/>
        <UnitName Value="SongSelection"/>
      </Unit1>
      <Unit2>
        <Filename Value="forms/present.pas"/>
        <IsPartOfProject Value="True"/>
        <ComponentName Value="frmPresent"/>
        <HasResources Value="True"/>
        <ResourceBaseClass Value="Form"/>
        <UnitName Value="Present"/>
      </Unit2>
      <Unit3>
        <Filename Value="forms/settings.pas"/>
        <IsPartOfProject Value="True"/>
        <ComponentName Value="frmSettings"/>
        <HasResources Value="True"/>
        <ResourceBaseClass Value="Form"/>
      </Unit3>
      <Unit4>
        <Filename Value="forms/info.pas"/>
        <IsPartOfProject Value="True"/>
        <ComponentName Value="frmInfo"/>
        <HasResources Value="True"/>
        <ResourceBaseClass Value="Form"/>
      </Unit4>
      <Unit5>
        <Filename Value="generics/lyrics.pas"/>
        <IsPartOfProject Value="True"/>
      </Unit5>
      <Unit6>
        <Filename Value="commandlineoptions.pas"/>
        <IsPartOfProject Value="True"/>
        <UnitName Value="CommandLineOptions"/>
      </Unit6>
      <Unit7>
        <Filename Value="forms/songeditor.pas"/>
        <IsPartOfProject Value="True"/>
        <ComponentName Value="frmSongEdit"/>
        <HasResources Value="True"/>
        <ResourceBaseClass Value="Form"/>
      </Unit7>
      <Unit8>
        <Filename Value="frames/editordisplaysongcontent.pas"/>
        <IsPartOfProject Value="True"/>
        <ComponentName Value="frmDisplaySongContent"/>
        <HasResources Value="True"/>
        <ResourceBaseClass Value="Frame"/>
      </Unit8>
      <Unit9>
        <Filename Value="frames/editorwelcome.pas"/>
        <IsPartOfProject Value="True"/>
        <ComponentName Value="frmEditorWelcome"/>
        <HasResources Value="True"/>
        <ResourceBaseClass Value="Frame"/>
      </Unit9>
      <Unit10>
        <Filename Value="tests/songtextest.pas"/>
        <IsPartOfProject Value="True"/>
      </Unit10>
      <Unit11>
        <Filename Value="forms/welcome.pas"/>
        <IsPartOfProject Value="True"/>
        <ComponentName Value="frmWelcome"/>
        <HasResources Value="True"/>
        <ResourceBaseClass Value="Form"/>
      </Unit11>
      <Unit12>
        <Filename Value="generics/slides.pas"/>
        <IsPartOfProject Value="True"/>
      </Unit12>
      <Unit13>
        <Filename Value="frames/fulltextsearch.pas"/>
        <IsPartOfProject Value="True"/>
        <ComponentName Value="FrmFulltextsearch"/>
        <HasResources Value="True"/>
        <ResourceBaseClass Value="Frame"/>
      </Unit13>
      <Unit14>
        <Filename Value="forms/formfulltextsearch.pas"/>
        <IsPartOfProject Value="True"/>
        <ComponentName Value="frmWrapperFulltextSearch"/>
        <HasResources Value="True"/>
        <ResourceBaseClass Value="Form"/>
        <UnitName Value="FormFulltextSearch"/>
      </Unit14>
      <Unit15>
        <Filename Value="exporters/pptx.pas"/>
        <IsPartOfProject Value="True"/>
      </Unit15>
      <Unit16>
        <Filename Value="generics/resourcehandling.pas"/>
        <IsPartOfProject Value="True"/>
        <UnitName Value="ResourceHandling"/>
      </Unit16>
      <Unit17>
        <Filename Value="generics/presentationcanvas.pas"/>
        <IsPartOfProject Value="True"/>
        <UnitName Value="PresentationCanvas"/>
      </Unit17>
      <Unit18>
        <Filename Value="frames/settingsdetailed.pas"/>
        <IsPartOfProject Value="True"/>
        <ComponentName Value="FrameSettingsDetailed"/>
        <HasResources Value="True"/>
        <ResourceBaseClass Value="Frame"/>
      </Unit18>
      <Unit19>
        <Filename Value="forms/settingspadding.pas"/>
        <IsPartOfProject Value="True"/>
        <ComponentName Value="FormPadding"/>
        <HasResources Value="True"/>
        <ResourceBaseClass Value="Form"/>
      </Unit19>
      <Unit20>
        <Filename Value="forms/formmarkupexport.pas"/>
        <IsPartOfProject Value="True"/>
        <ComponentName Value="FrmMarkupExport"/>
        <HasResources Value="True"/>
        <ResourceBaseClass Value="Form"/>
        <UnitName Value="FormMarkupExport"/>
      </Unit20>
      <Unit21>
        <Filename Value="exporters/markup.pas"/>
        <IsPartOfProject Value="True"/>
      </Unit21>
      <Unit22>
        <Filename Value="forms/imageexport.pas"/>
        <IsPartOfProject Value="True"/>
        <ComponentName Value="FormImageExport"/>
        <HasResources Value="True"/>
        <ResourceBaseClass Value="Form"/>
      </Unit22>
      <Unit23>
        <Filename Value="generics/loadimagethread.pas"/>
        <IsPartOfProject Value="True"/>
      </Unit23>
    </Units>
  </ProjectOptions>
  <CompilerOptions>
    <Version Value="11"/>
    <Target>
      <Filename Value="cantara"/>
    </Target>
    <SearchPaths>
      <IncludeFiles Value="$(ProjOutDir)"/>
      <OtherUnitFiles Value="frames;exporters;tests;generics;forms"/>
      <UnitOutputDirectory Value="lib/$(TargetCPU)-$(TargetOS)"/>
    </SearchPaths>
    <CodeGeneration>
      <SmartLinkUnit Value="True"/>
      <RelocatableUnit Value="True"/>
      <Optimizations>
        <OptimizationLevel Value="3"/>
      </Optimizations>
      <SmallerCode Value="True"/>
    </CodeGeneration>
    <Linking>
      <Debugging>
        <GenerateDebugInfo Value="False"/>
        <DebugInfoType Value="dsDwarf3"/>
        <StripSymbols Value="True"/>
        <UseExternalDbgSyms Value="True"/>
      </Debugging>
      <LinkSmart Value="True"/>
      <Options>
        <Win32>
          <GraphicApplication Value="True"/>
        </Win32>
      </Options>
    </Linking>
    <Other>
      <CustomOptions Value="-FcUTF8
-dUseCThreads"/>
    </Other>
  </CompilerOptions>
</CONFIG>
